
Microsoft Visual Studio Solution File, Format Version 12.00
# Visual Studio 15
Project("{FAE04EC0-301F-11D3-BF4B-00C04F79EFBC}") = "Garden", "Garden.csproj", "{32C45324-2653-21D8-FA43-0ABBB0B5B2E4}"
EndProject
Global
	GlobalSection(SolutionConfigurationPlatforms) = preSolution
		Debug|Any CPU = Debug|Any CPU
		Release|Any CPU = Release|Any CPU
	EndGlobalSection
	GlobalSection(ProjectConfigurationPlatforms) = postSolution
		{32C45324-2653-21D8-FA43-0ABBB0B5B2E4}.Debug|Any CPU.ActiveCfg = Debug|Any CPU
		{32C45324-2653-21D8-FA43-0ABBB0B5B2E4}.Debug|Any CPU.Build.0 = Debug|Any CPU
		{32C45324-2653-21D8-FA43-0ABBB0B5B2E4}.Release|Any CPU.ActiveCfg = Release|Any CPU
		{32C45324-2653-21D8-FA43-0ABBB0B5B2E4}.Release|Any CPU.Build.0 = Release|Any CPU
	EndGlobalSection
	GlobalSection(SolutionProperties) = preSolution
		HideSolutionNode = FALSE
	EndGlobalSection
EndGlobal
